
Microsoft Visual Studio Solution File, Format Version 12.00
# Visual Studio 14
VisualStudioVersion = 14.0.25123.0
MinimumVisualStudioVersion = 10.0.40219.1
Project("{FAE04EC0-301F-11D3-BF4B-00C04F79EFBC}") = "decodeCamera.Droid", "decodeCamera\decodeCamera.Droid\decodeCamera.Droid.csproj", "{25282076-9864-4E8C-B3A9-72AEB539A44A}"
EndProject
Project("{FAE04EC0-301F-11D3-BF4B-00C04F79EFBC}") = "decodeCamera.iOS", "decodeCamera\decodeCamera.iOS\decodeCamera.iOS.csproj", "{DFD3240C-CBFE-4005-A583-99A9DBEE2728}"
EndProject
Project("{FAE04EC0-301F-11D3-BF4B-00C04F79EFBC}") = "decodeCamera.UWP", "decodeCamera\decodeCamera.UWP\decodeCamera.UWP.csproj", "{3D73AEDC-C83F-4C40-AB7A-DAB0225A795B}"
EndProject
Project("{FAE04EC0-301F-11D3-BF4B-00C04F79EFBC}") = "decodeCamera", "decodeCamera\decodeCamera\decodeCamera.csproj", "{E7ABB97C-1FBB-4E9D-93F9-D66D569AE427}"
EndProject
Global
	GlobalSection(SolutionConfigurationPlatforms) = preSolution
		Ad-Hoc|Any CPU = Ad-Hoc|Any CPU
		Ad-Hoc|ARM = Ad-Hoc|ARM
		Ad-Hoc|iPhone = Ad-Hoc|iPhone
		Ad-Hoc|iPhoneSimulator = Ad-Hoc|iPhoneSimulator
		Ad-Hoc|x64 = Ad-Hoc|x64
		Ad-Hoc|x86 = Ad-Hoc|x86
		AppStore|Any CPU = AppStore|Any CPU
		AppStore|ARM = AppStore|ARM
		AppStore|iPhone = AppStore|iPhone
		AppStore|iPhoneSimulator = AppStore|iPhoneSimulator
		AppStore|x64 = AppStore|x64
		AppStore|x86 = AppStore|x86
		Debug|Any CPU = Debug|Any CPU
		Debug|ARM = Debug|ARM
		Debug|iPhone = Debug|iPhone
		Debug|iPhoneSimulator = Debug|iPhoneSimulator
		Debug|x64 = Debug|x64
		Debug|x86 = Debug|x86
		Release|Any CPU = Release|Any CPU
		Release|ARM = Release|ARM
		Release|iPhone = Release|iPhone
		Release|iPhoneSimulator = Release|iPhoneSimulator
		Release|x64 = Release|x64
		Release|x86 = Release|x86
	EndGlobalSection
	GlobalSection(ProjectConfigurationPlatforms) = postSolution
		{25282076-9864-4E8C-B3A9-72AEB539A44A}.Ad-Hoc|Any CPU.ActiveCfg = Release|Any CPU
		{25282076-9864-4E8C-B3A9-72AEB539A44A}.Ad-Hoc|Any CPU.Build.0 = Release|Any CPU
		{25282076-9864-4E8C-B3A9-72AEB539A44A}.Ad-Hoc|Any CPU.Deploy.0 = Release|Any CPU
		{25282076-9864-4E8C-B3A9-72AEB539A44A}.Ad-Hoc|ARM.ActiveCfg = Release|Any CPU
		{25282076-9864-4E8C-B3A9-72AEB539A44A}.Ad-Hoc|ARM.Build.0 = Release|Any CPU
		{25282076-9864-4E8C-B3A9-72AEB539A44A}.Ad-Hoc|ARM.Deploy.0 = Release|Any CPU
		{25282076-9864-4E8C-B3A9-72AEB539A44A}.Ad-Hoc|iPhone.ActiveCfg = Release|Any CPU
		{25282076-9864-4E8C-B3A9-72AEB539A44A}.Ad-Hoc|iPhone.Build.0 = Release|Any CPU
		{25282076-9864-4E8C-B3A9-72AEB539A44A}.Ad-Hoc|iPhone.Deploy.0 = Release|Any CPU
		{25282076-9864-4E8C-B3A9-72AEB539A44A}.Ad-Hoc|iPhoneSimulator.ActiveCfg = Release|Any CPU
		{25282076-9864-4E8C-B3A9-72AEB539A44A}.Ad-Hoc|iPhoneSimulator.Build.0 = Release|Any CPU
		{25282076-9864-4E8C-B3A9-72AEB539A44A}.Ad-Hoc|iPhoneSimulator.Deploy.0 = Release|Any CPU
		{25282076-9864-4E8C-B3A9-72AEB539A44A}.Ad-Hoc|x64.ActiveCfg = Release|Any CPU
		{25282076-9864-4E8C-B3A9-72AEB539A44A}.Ad-Hoc|x64.Build.0 = Release|Any CPU
		{25282076-9864-4E8C-B3A9-72AEB539A44A}.Ad-Hoc|x64.Deploy.0 = Release|Any CPU
		{25282076-9864-4E8C-B3A9-72AEB539A44A}.Ad-Hoc|x86.ActiveCfg = Release|Any CPU
		{25282076-9864-4E8C-B3A9-72AEB539A44A}.Ad-Hoc|x86.Build.0 = Release|Any CPU
		{25282076-9864-4E8C-B3A9-72AEB539A44A}.Ad-Hoc|x86.Deploy.0 = Release|Any CPU
		{25282076-9864-4E8C-B3A9-72AEB539A44A}.AppStore|Any CPU.ActiveCfg = Release|Any CPU
		{25282076-9864-4E8C-B3A9-72AEB539A44A}.AppStore|Any CPU.Build.0 = Release|Any CPU
		{25282076-9864-4E8C-B3A9-72AEB539A44A}.AppStore|Any CPU.Deploy.0 = Release|Any CPU
		{25282076-9864-4E8C-B3A9-72AEB539A44A}.AppStore|ARM.ActiveCfg = Release|Any CPU
		{25282076-9864-4E8C-B3A9-72AEB539A44A}.AppStore|ARM.Build.0 = Release|Any CPU
		{25282076-9864-4E8C-B3A9-72AEB539A44A}.AppStore|ARM.Deploy.0 = Release|Any CPU
		{25282076-9864-4E8C-B3A9-72AEB539A44A}.AppStore|iPhone.ActiveCfg = Release|Any CPU
		{25282076-9864-4E8C-B3A9-72AEB539A44A}.AppStore|iPhone.Build.0 = Release|Any CPU
		{25282076-9864-4E8C-B3A9-72AEB539A44A}.AppStore|iPhone.Deploy.0 = Release|Any CPU
		{25282076-9864-4E8C-B3A9-72AEB539A44A}.AppStore|iPhoneSimulator.ActiveCfg = Release|Any CPU
		{25282076-9864-4E8C-B3A9-72AEB539A44A}.AppStore|iPhoneSimulator.Build.0 = Release|Any CPU
		{25282076-9864-4E8C-B3A9-72AEB539A44A}.AppStore|iPhoneSimulator.Deploy.0 = Release|Any CPU
		{25282076-9864-4E8C-B3A9-72AEB539A44A}.AppStore|x64.ActiveCfg = Release|Any CPU
		{25282076-9864-4E8C-B3A9-72AEB539A44A}.AppStore|x64.Build.0 = Release|Any CPU
		{25282076-9864-4E8C-B3A9-72AEB539A44A}.AppStore|x64.Deploy.0 = Release|Any CPU
		{25282076-9864-4E8C-B3A9-72AEB539A44A}.AppStore|x86.ActiveCfg = Release|Any CPU
		{25282076-9864-4E8C-B3A9-72AEB539A44A}.AppStore|x86.Build.0 = Release|Any CPU
		{25282076-9864-4E8C-B3A9-72AEB539A44A}.AppStore|x86.Deploy.0 = Release|Any CPU
		{25282076-9864-4E8C-B3A9-72AEB539A44A}.Debug|Any CPU.ActiveCfg = Debug|Any CPU
		{25282076-9864-4E8C-B3A9-72AEB539A44A}.Debug|Any CPU.Build.0 = Debug|Any CPU
		{25282076-9864-4E8C-B3A9-72AEB539A44A}.Debug|Any CPU.Deploy.0 = Debug|Any CPU
		{25282076-9864-4E8C-B3A9-72AEB539A44A}.Debug|ARM.ActiveCfg = Debug|Any CPU
		{25282076-9864-4E8C-B3A9-72AEB539A44A}.Debug|ARM.Build.0 = Debug|Any CPU
		{25282076-9864-4E8C-B3A9-72AEB539A44A}.Debug|ARM.Deploy.0 = Debug|Any CPU
		{25282076-9864-4E8C-B3A9-72AEB539A44A}.Debug|iPhone.ActiveCfg = Debug|Any CPU
		{25282076-9864-4E8C-B3A9-72AEB539A44A}.Debug|iPhone.Build.0 = Debug|Any CPU
		{25282076-9864-4E8C-B3A9-72AEB539A44A}.Debug|iPhone.Deploy.0 = Debug|Any CPU
		{25282076-9864-4E8C-B3A9-72AEB539A44A}.Debug|iPhoneSimulator.ActiveCfg = Debug|Any CPU
		{25282076-9864-4E8C-B3A9-72AEB539A44A}.Debug|iPhoneSimulator.Build.0 = Debug|Any CPU
		{25282076-9864-4E8C-B3A9-72AEB539A44A}.Debug|iPhoneSimulator.Deploy.0 = Debug|Any CPU
		{25282076-9864-4E8C-B3A9-72AEB539A44A}.Debug|x64.ActiveCfg = Debug|Any CPU
		{25282076-9864-4E8C-B3A9-72AEB539A44A}.Debug|x64.Build.0 = Debug|Any CPU
		{25282076-9864-4E8C-B3A9-72AEB539A44A}.Debug|x64.Deploy.0 = Debug|Any CPU
		{25282076-9864-4E8C-B3A9-72AEB539A44A}.Debug|x86.ActiveCfg = Debug|Any CPU
		{25282076-9864-4E8C-B3A9-72AEB539A44A}.Debug|x86.Build.0 = Debug|Any CPU
		{25282076-9864-4E8C-B3A9-72AEB539A44A}.Debug|x86.Deploy.0 = Debug|Any CPU
		{25282076-9864-4E8C-B3A9-72AEB539A44A}.Release|Any CPU.ActiveCfg = Release|Any CPU
		{25282076-9864-4E8C-B3A9-72AEB539A44A}.Release|Any CPU.Build.0 = Release|Any CPU
		{25282076-9864-4E8C-B3A9-72AEB539A44A}.Release|Any CPU.Deploy.0 = Release|Any CPU
		{25282076-9864-4E8C-B3A9-72AEB539A44A}.Release|ARM.ActiveCfg = Release|Any CPU
		{25282076-9864-4E8C-B3A9-72AEB539A44A}.Release|ARM.Build.0 = Release|Any CPU
		{25282076-9864-4E8C-B3A9-72AEB539A44A}.Release|ARM.Deploy.0 = Release|Any CPU
		{25282076-9864-4E8C-B3A9-72AEB539A44A}.Release|iPhone.ActiveCfg = Release|Any CPU
		{25282076-9864-4E8C-B3A9-72AEB539A44A}.Release|iPhone.Build.0 = Release|Any CPU
		{25282076-9864-4E8C-B3A9-72AEB539A44A}.Release|iPhone.Deploy.0 = Release|Any CPU
		{25282076-9864-4E8C-B3A9-72AEB539A44A}.Release|iPhoneSimulator.ActiveCfg = Release|Any CPU
		{25282076-9864-4E8C-B3A9-72AEB539A44A}.Release|iPhoneSimulator.Build.0 = Release|Any CPU
		{25282076-9864-4E8C-B3A9-72AEB539A44A}.Release|iPhoneSimulator.Deploy.0 = Release|Any CPU
		{25282076-9864-4E8C-B3A9-72AEB539A44A}.Release|x64.ActiveCfg = Release|Any CPU
		{25282076-9864-4E8C-B3A9-72AEB539A44A}.Release|x64.Build.0 = Release|Any CPU
		{25282076-9864-4E8C-B3A9-72AEB539A44A}.Release|x64.Deploy.0 = Release|Any CPU
		{25282076-9864-4E8C-B3A9-72AEB539A44A}.Release|x86.ActiveCfg = Release|Any CPU
		{25282076-9864-4E8C-B3A9-72AEB539A44A}.Release|x86.Build.0 = Release|Any CPU
		{25282076-9864-4E8C-B3A9-72AEB539A44A}.Release|x86.Deploy.0 = Release|Any CPU
		{DFD3240C-CBFE-4005-A583-99A9DBEE2728}.Ad-Hoc|Any CPU.ActiveCfg = Ad-Hoc|iPhone
		{DFD3240C-CBFE-4005-A583-99A9DBEE2728}.Ad-Hoc|ARM.ActiveCfg = Ad-Hoc|iPhone
		{DFD3240C-CBFE-4005-A583-99A9DBEE2728}.Ad-Hoc|iPhone.ActiveCfg = Ad-Hoc|iPhone
		{DFD3240C-CBFE-4005-A583-99A9DBEE2728}.Ad-Hoc|iPhone.Build.0 = Ad-Hoc|iPhone
		{DFD3240C-CBFE-4005-A583-99A9DBEE2728}.Ad-Hoc|iPhoneSimulator.ActiveCfg = Ad-Hoc|iPhoneSimulator
		{DFD3240C-CBFE-4005-A583-99A9DBEE2728}.Ad-Hoc|iPhoneSimulator.Build.0 = Ad-Hoc|iPhoneSimulator
		{DFD3240C-CBFE-4005-A583-99A9DBEE2728}.Ad-Hoc|x64.ActiveCfg = Ad-Hoc|iPhone
		{DFD3240C-CBFE-4005-A583-99A9DBEE2728}.Ad-Hoc|x86.ActiveCfg = Ad-Hoc|iPhone
		{DFD3240C-CBFE-4005-A583-99A9DBEE2728}.AppStore|Any CPU.ActiveCfg = AppStore|iPhone
		{DFD3240C-CBFE-4005-A583-99A9DBEE2728}.AppStore|ARM.ActiveCfg = AppStore|iPhone
		{DFD3240C-CBFE-4005-A583-99A9DBEE2728}.AppStore|iPhone.ActiveCfg = AppStore|iPhone
		{DFD3240C-CBFE-4005-A583-99A9DBEE2728}.AppStore|iPhone.Build.0 = AppStore|iPhone
		{DFD3240C-CBFE-4005-A583-99A9DBEE2728}.AppStore|iPhoneSimulator.ActiveCfg = AppStore|iPhoneSimulator
		{DFD3240C-CBFE-4005-A583-99A9DBEE2728}.AppStore|iPhoneSimulator.Build.0 = AppStore|iPhoneSimulator
		{DFD3240C-CBFE-4005-A583-99A9DBEE2728}.AppStore|x64.ActiveCfg = AppStore|iPhone
		{DFD3240C-CBFE-4005-A583-99A9DBEE2728}.AppStore|x86.ActiveCfg = AppStore|iPhone
		{DFD3240C-CBFE-4005-A583-99A9DBEE2728}.Debug|Any CPU.ActiveCfg = Debug|iPhone
		{DFD3240C-CBFE-4005-A583-99A9DBEE2728}.Debug|ARM.ActiveCfg = Debug|iPhone
		{DFD3240C-CBFE-4005-A583-99A9DBEE2728}.Debug|iPhone.ActiveCfg = Debug|iPhone
		{DFD3240C-CBFE-4005-A583-99A9DBEE2728}.Debug|iPhone.Build.0 = Debug|iPhone
		{DFD3240C-CBFE-4005-A583-99A9DBEE2728}.Debug|iPhoneSimulator.ActiveCfg = Debug|iPhoneSimulator
		{DFD3240C-CBFE-4005-A583-99A9DBEE2728}.Debug|iPhoneSimulator.Build.0 = Debug|iPhoneSimulator
		{DFD3240C-CBFE-4005-A583-99A9DBEE2728}.Debug|x64.ActiveCfg = Debug|iPhone
		{DFD3240C-CBFE-4005-A583-99A9DBEE2728}.Debug|x86.ActiveCfg = Debug|iPhone
		{DFD3240C-CBFE-4005-A583-99A9DBEE2728}.Release|Any CPU.ActiveCfg = Release|iPhone
		{DFD3240C-CBFE-4005-A583-99A9DBEE2728}.Release|ARM.ActiveCfg = Release|iPhone
		{DFD3240C-CBFE-4005-A583-99A9DBEE2728}.Release|iPhone.ActiveCfg = Release|iPhone
		{DFD3240C-CBFE-4005-A583-99A9DBEE2728}.Release|iPhone.Build.0 = Release|iPhone
		{DFD3240C-CBFE-4005-A583-99A9DBEE2728}.Release|iPhoneSimulator.ActiveCfg = Release|iPhoneSimulator
		{DFD3240C-CBFE-4005-A583-99A9DBEE2728}.Release|iPhoneSimulator.Build.0 = Release|iPhoneSimulator
		{DFD3240C-CBFE-4005-A583-99A9DBEE2728}.Release|x64.ActiveCfg = Release|iPhone
		{DFD3240C-CBFE-4005-A583-99A9DBEE2728}.Release|x86.ActiveCfg = Release|iPhone
		{3D73AEDC-C83F-4C40-AB7A-DAB0225A795B}.Ad-Hoc|Any CPU.ActiveCfg = Release|x86
		{3D73AEDC-C83F-4C40-AB7A-DAB0225A795B}.Ad-Hoc|Any CPU.Build.0 = Release|x86
		{3D73AEDC-C83F-4C40-AB7A-DAB0225A795B}.Ad-Hoc|Any CPU.Deploy.0 = Release|x86
		{3D73AEDC-C83F-4C40-AB7A-DAB0225A795B}.Ad-Hoc|ARM.ActiveCfg = Release|ARM
		{3D73AEDC-C83F-4C40-AB7A-DAB0225A795B}.Ad-Hoc|ARM.Build.0 = Release|ARM
		{3D73AEDC-C83F-4C40-AB7A-DAB0225A795B}.Ad-Hoc|ARM.Deploy.0 = Release|ARM
		{3D73AEDC-C83F-4C40-AB7A-DAB0225A795B}.Ad-Hoc|iPhone.ActiveCfg = Release|x86
		{3D73AEDC-C83F-4C40-AB7A-DAB0225A795B}.Ad-Hoc|iPhone.Build.0 = Release|x86
		{3D73AEDC-C83F-4C40-AB7A-DAB0225A795B}.Ad-Hoc|iPhone.Deploy.0 = Release|x86
		{3D73AEDC-C83F-4C40-AB7A-DAB0225A795B}.Ad-Hoc|iPhoneSimulator.ActiveCfg = Release|x86
		{3D73AEDC-C83F-4C40-AB7A-DAB0225A795B}.Ad-Hoc|iPhoneSimulator.Build.0 = Release|x86
		{3D73AEDC-C83F-4C40-AB7A-DAB0225A795B}.Ad-Hoc|iPhoneSimulator.Deploy.0 = Release|x86
		{3D73AEDC-C83F-4C40-AB7A-DAB0225A795B}.Ad-Hoc|x64.ActiveCfg = Release|x64
		{3D73AEDC-C83F-4C40-AB7A-DAB0225A795B}.Ad-Hoc|x64.Build.0 = Release|x64
		{3D73AEDC-C83F-4C40-AB7A-DAB0225A795B}.Ad-Hoc|x64.Deploy.0 = Release|x64
		{3D73AEDC-C83F-4C40-AB7A-DAB0225A795B}.Ad-Hoc|x86.ActiveCfg = Release|x86
		{3D73AEDC-C83F-4C40-AB7A-DAB0225A795B}.Ad-Hoc|x86.Build.0 = Release|x86
		{3D73AEDC-C83F-4C40-AB7A-DAB0225A795B}.Ad-Hoc|x86.Deploy.0 = Release|x86
		{3D73AEDC-C83F-4C40-AB7A-DAB0225A795B}.AppStore|Any CPU.ActiveCfg = Release|x86
		{3D73AEDC-C83F-4C40-AB7A-DAB0225A795B}.AppStore|Any CPU.Build.0 = Release|x86
		{3D73AEDC-C83F-4C40-AB7A-DAB0225A795B}.AppStore|Any CPU.Deploy.0 = Release|x86
		{3D73AEDC-C83F-4C40-AB7A-DAB0225A795B}.AppStore|ARM.ActiveCfg = Release|ARM
		{3D73AEDC-C83F-4C40-AB7A-DAB0225A795B}.AppStore|ARM.Build.0 = Release|ARM
		{3D73AEDC-C83F-4C40-AB7A-DAB0225A795B}.AppStore|ARM.Deploy.0 = Release|ARM
		{3D73AEDC-C83F-4C40-AB7A-DAB0225A795B}.AppStore|iPhone.ActiveCfg = Release|x86
		{3D73AEDC-C83F-4C40-AB7A-DAB0225A795B}.AppStore|iPhone.Build.0 = Release|x86
		{3D73AEDC-C83F-4C40-AB7A-DAB0225A795B}.AppStore|iPhone.Deploy.0 = Release|x86
		{3D73AEDC-C83F-4C40-AB7A-DAB0225A795B}.AppStore|iPhoneSimulator.ActiveCfg = Release|x86
		{3D73AEDC-C83F-4C40-AB7A-DAB0225A795B}.AppStore|iPhoneSimulator.Build.0 = Release|x86
		{3D73AEDC-C83F-4C40-AB7A-DAB0225A795B}.AppStore|iPhoneSimulator.Deploy.0 = Release|x86
		{3D73AEDC-C83F-4C40-AB7A-DAB0225A795B}.AppStore|x64.ActiveCfg = Release|x64
		{3D73AEDC-C83F-4C40-AB7A-DAB0225A795B}.AppStore|x64.Build.0 = Release|x64
		{3D73AEDC-C83F-4C40-AB7A-DAB0225A795B}.AppStore|x64.Deploy.0 = Release|x64
		{3D73AEDC-C83F-4C40-AB7A-DAB0225A795B}.AppStore|x86.ActiveCfg = Release|x86
		{3D73AEDC-C83F-4C40-AB7A-DAB0225A795B}.AppStore|x86.Build.0 = Release|x86
		{3D73AEDC-C83F-4C40-AB7A-DAB0225A795B}.AppStore|x86.Deploy.0 = Release|x86
		{3D73AEDC-C83F-4C40-AB7A-DAB0225A795B}.Debug|Any CPU.ActiveCfg = Debug|x86
		{3D73AEDC-C83F-4C40-AB7A-DAB0225A795B}.Debug|ARM.ActiveCfg = Debug|ARM
		{3D73AEDC-C83F-4C40-AB7A-DAB0225A795B}.Debug|ARM.Build.0 = Debug|ARM
		{3D73AEDC-C83F-4C40-AB7A-DAB0225A795B}.Debug|ARM.Deploy.0 = Debug|ARM
		{3D73AEDC-C83F-4C40-AB7A-DAB0225A795B}.Debug|iPhone.ActiveCfg = Debug|x86
		{3D73AEDC-C83F-4C40-AB7A-DAB0225A795B}.Debug|iPhoneSimulator.ActiveCfg = Debug|x86
		{3D73AEDC-C83F-4C40-AB7A-DAB0225A795B}.Debug|x64.ActiveCfg = Debug|x64
		{3D73AEDC-C83F-4C40-AB7A-DAB0225A795B}.Debug|x64.Build.0 = Debug|x64
		{3D73AEDC-C83F-4C40-AB7A-DAB0225A795B}.Debug|x64.Deploy.0 = Debug|x64
		{3D73AEDC-C83F-4C40-AB7A-DAB0225A795B}.Debug|x86.ActiveCfg = Debug|x86
		{3D73AEDC-C83F-4C40-AB7A-DAB0225A795B}.Debug|x86.Build.0 = Debug|x86
		{3D73AEDC-C83F-4C40-AB7A-DAB0225A795B}.Debug|x86.Deploy.0 = Debug|x86
		{3D73AEDC-C83F-4C40-AB7A-DAB0225A795B}.Release|Any CPU.ActiveCfg = Release|x86
		{3D73AEDC-C83F-4C40-AB7A-DAB0225A795B}.Release|ARM.ActiveCfg = Release|ARM
		{3D73AEDC-C83F-4C40-AB7A-DAB0225A795B}.Release|ARM.Build.0 = Release|ARM
		{3D73AEDC-C83F-4C40-AB7A-DAB0225A795B}.Release|ARM.Deploy.0 = Release|ARM
		{3D73AEDC-C83F-4C40-AB7A-DAB0225A795B}.Release|iPhone.ActiveCfg = Release|x86
		{3D73AEDC-C83F-4C40-AB7A-DAB0225A795B}.Release|iPhoneSimulator.ActiveCfg = Release|x86
		{3D73AEDC-C83F-4C40-AB7A-DAB0225A795B}.Release|x64.ActiveCfg = Release|x64
		{3D73AEDC-C83F-4C40-AB7A-DAB0225A795B}.Release|x64.Build.0 = Release|x64
		{3D73AEDC-C83F-4C40-AB7A-DAB0225A795B}.Release|x64.Deploy.0 = Release|x64
		{3D73AEDC-C83F-4C40-AB7A-DAB0225A795B}.Release|x86.ActiveCfg = Release|x86
		{3D73AEDC-C83F-4C40-AB7A-DAB0225A795B}.Release|x86.Build.0 = Release|x86
		{3D73AEDC-C83F-4C40-AB7A-DAB0225A795B}.Release|x86.Deploy.0 = Release|x86
		{E7ABB97C-1FBB-4E9D-93F9-D66D569AE427}.Ad-Hoc|Any CPU.ActiveCfg = Release|Any CPU
		{E7ABB97C-1FBB-4E9D-93F9-D66D569AE427}.Ad-Hoc|Any CPU.Build.0 = Release|Any CPU
		{E7ABB97C-1FBB-4E9D-93F9-D66D569AE427}.Ad-Hoc|ARM.ActiveCfg = Release|Any CPU
		{E7ABB97C-1FBB-4E9D-93F9-D66D569AE427}.Ad-Hoc|ARM.Build.0 = Release|Any CPU
		{E7ABB97C-1FBB-4E9D-93F9-D66D569AE427}.Ad-Hoc|iPhone.ActiveCfg = Release|Any CPU
		{E7ABB97C-1FBB-4E9D-93F9-D66D569AE427}.Ad-Hoc|iPhone.Build.0 = Release|Any CPU
		{E7ABB97C-1FBB-4E9D-93F9-D66D569AE427}.Ad-Hoc|iPhoneSimulator.ActiveCfg = Release|Any CPU
		{E7ABB97C-1FBB-4E9D-93F9-D66D569AE427}.Ad-Hoc|iPhoneSimulator.Build.0 = Release|Any CPU
		{E7ABB97C-1FBB-4E9D-93F9-D66D569AE427}.Ad-Hoc|x64.ActiveCfg = Release|Any CPU
		{E7ABB97C-1FBB-4E9D-93F9-D66D569AE427}.Ad-Hoc|x64.Build.0 = Release|Any CPU
		{E7ABB97C-1FBB-4E9D-93F9-D66D569AE427}.Ad-Hoc|x86.ActiveCfg = Release|Any CPU
		{E7ABB97C-1FBB-4E9D-93F9-D66D569AE427}.Ad-Hoc|x86.Build.0 = Release|Any CPU
		{E7ABB97C-1FBB-4E9D-93F9-D66D569AE427}.AppStore|Any CPU.ActiveCfg = Release|Any CPU
		{E7ABB97C-1FBB-4E9D-93F9-D66D569AE427}.AppStore|Any CPU.Build.0 = Release|Any CPU
		{E7ABB97C-1FBB-4E9D-93F9-D66D569AE427}.AppStore|ARM.ActiveCfg = Release|Any CPU
		{E7ABB97C-1FBB-4E9D-93F9-D66D569AE427}.AppStore|ARM.Build.0 = Release|Any CPU
		{E7ABB97C-1FBB-4E9D-93F9-D66D569AE427}.AppStore|iPhone.ActiveCfg = Release|Any CPU
		{E7ABB97C-1FBB-4E9D-93F9-D66D569AE427}.AppStore|iPhone.Build.0 = Release|Any CPU
		{E7ABB97C-1FBB-4E9D-93F9-D66D569AE427}.AppStore|iPhoneSimulator.ActiveCfg = Release|Any CPU
		{E7ABB97C-1FBB-4E9D-93F9-D66D569AE427}.AppStore|iPhoneSimulator.Build.0 = Release|Any CPU
		{E7ABB97C-1FBB-4E9D-93F9-D66D569AE427}.AppStore|x64.ActiveCfg = Release|Any CPU
		{E7ABB97C-1FBB-4E9D-93F9-D66D569AE427}.AppStore|x64.Build.0 = Release|Any CPU
		{E7ABB97C-1FBB-4E9D-93F9-D66D569AE427}.AppStore|x86.ActiveCfg = Release|Any CPU
		{E7ABB97C-1FBB-4E9D-93F9-D66D569AE427}.AppStore|x86.Build.0 = Release|Any CPU
		{E7ABB97C-1FBB-4E9D-93F9-D66D569AE427}.Debug|Any CPU.ActiveCfg = Debug|Any CPU
		{E7ABB97C-1FBB-4E9D-93F9-D66D569AE427}.Debug|Any CPU.Build.0 = Debug|Any CPU
		{E7ABB97C-1FBB-4E9D-93F9-D66D569AE427}.Debug|ARM.ActiveCfg = Debug|Any CPU
		{E7ABB97C-1FBB-4E9D-93F9-D66D569AE427}.Debug|ARM.Build.0 = Debug|Any CPU
		{E7ABB97C-1FBB-4E9D-93F9-D66D569AE427}.Debug|iPhone.ActiveCfg = Debug|Any CPU
		{E7ABB97C-1FBB-4E9D-93F9-D66D569AE427}.Debug|iPhone.Build.0 = Debug|Any CPU
		{E7ABB97C-1FBB-4E9D-93F9-D66D569AE427}.Debug|iPhoneSimulator.ActiveCfg = Debug|Any CPU
		{E7ABB97C-1FBB-4E9D-93F9-D66D569AE427}.Debug|iPhoneSimulator.Build.0 = Debug|Any CPU
		{E7ABB97C-1FBB-4E9D-93F9-D66D569AE427}.Debug|x64.ActiveCfg = Debug|Any CPU
		{E7ABB97C-1FBB-4E9D-93F9-D66D569AE427}.Debug|x64.Build.0 = Debug|Any CPU
		{E7ABB97C-1FBB-4E9D-93F9-D66D569AE427}.Debug|x86.ActiveCfg = Debug|Any CPU
		{E7ABB97C-1FBB-4E9D-93F9-D66D569AE427}.Debug|x86.Build.0 = Debug|Any CPU
		{E7ABB97C-1FBB-4E9D-93F9-D66D569AE427}.Release|Any CPU.ActiveCfg = Release|Any CPU
		{E7ABB97C-1FBB-4E9D-93F9-D66D569AE427}.Release|Any CPU.Build.0 = Release|Any CPU
		{E7ABB97C-1FBB-4E9D-93F9-D66D569AE427}.Release|ARM.ActiveCfg = Release|Any CPU
		{E7ABB97C-1FBB-4E9D-93F9-D66D569AE427}.Release|ARM.Build.0 = Release|Any CPU
		{E7ABB97C-1FBB-4E9D-93F9-D66D569AE427}.Release|iPhone.ActiveCfg = Release|Any CPU
		{E7ABB97C-1FBB-4E9D-93F9-D66D569AE427}.Release|iPhone.Build.0 = Release|Any CPU
		{E7ABB97C-1FBB-4E9D-93F9-D66D569AE427}.Release|iPhoneSimulator.ActiveCfg = Release|Any CPU
		{E7ABB97C-1FBB-4E9D-93F9-D66D569AE427}.Release|iPhoneSimulator.Build.0 = Release|Any CPU
		{E7ABB97C-1FBB-4E9D-93F9-D66D569AE427}.Release|x64.ActiveCfg = Release|Any CPU
		{E7ABB97C-1FBB-4E9D-93F9-D66D569AE427}.Release|x64.Build.0 = Release|Any CPU
		{E7ABB97C-1FBB-4E9D-93F9-D66D569AE427}.Release|x86.ActiveCfg = Release|Any CPU
		{E7ABB97C-1FBB-4E9D-93F9-D66D569AE427}.Release|x86.Build.0 = Release|Any CPU
	EndGlobalSection
	GlobalSection(SolutionProperties) = preSolution
		HideSolutionNode = FALSE
	EndGlobalSection
EndGlobal
